
Microsoft Visual Studio Solution File, Format Version 12.00
# Visual Studio Version 16
VisualStudioVersion = 16.0.31205.134
MinimumVisualStudioVersion = 10.0.40219.1
Project("{FAE04EC0-301F-11D3-BF4B-00C04F79EFBC}") = "Arrays", "Arrays\Arrays.csproj", "{81B60C36-987A-4046-9165-B5845ECC8D7B}"
EndProject
Global
	GlobalSection(SolutionConfigurationPlatforms) = preSolution
		Debug|Any CPU = Debug|Any CPU
		Release|Any CPU = Release|Any CPU
	EndGlobalSection
	GlobalSection(ProjectConfigurationPlatforms) = postSolution
		{81B60C36-987A-4046-9165-B5845ECC8D7B}.Debug|Any CPU.ActiveCfg = Debug|Any CPU
		{81B60C36-987A-4046-9165-B5845ECC8D7B}.Debug|Any CPU.Build.0 = Debug|Any CPU
		{81B60C36-987A-4046-9165-B5845ECC8D7B}.Release|Any CPU.ActiveCfg = Release|Any CPU
		{81B60C36-987A-4046-9165-B5845ECC8D7B}.Release|Any CPU.Build.0 = Release|Any CPU
	EndGlobalSection
	GlobalSection(SolutionProperties) = preSolution
		HideSolutionNode = FALSE
	EndGlobalSection
	GlobalSection(ExtensibilityGlobals) = postSolution
		SolutionGuid = {D05777C1-0C35-435A-8E87-3E6676E9F3D0}
	EndGlobalSection
EndGlobal
