
Microsoft Visual Studio Solution File, Format Version 12.00
# Visual Studio Version 16
VisualStudioVersion = 16.0.31205.134
MinimumVisualStudioVersion = 10.0.40219.1
Project("{FAE04EC0-301F-11D3-BF4B-00C04F79EFBC}") = "Leetcode", "Leetcode\Leetcode.csproj", "{0BE8196D-9514-466A-9E5C-F9D901DC1923}"
EndProject
Global
	GlobalSection(SolutionConfigurationPlatforms) = preSolution
		Debug|Any CPU = Debug|Any CPU
		Release|Any CPU = Release|Any CPU
	EndGlobalSection
	GlobalSection(ProjectConfigurationPlatforms) = postSolution
		{0BE8196D-9514-466A-9E5C-F9D901DC1923}.Debug|Any CPU.ActiveCfg = Debug|Any CPU
		{0BE8196D-9514-466A-9E5C-F9D901DC1923}.Debug|Any CPU.Build.0 = Debug|Any CPU
		{0BE8196D-9514-466A-9E5C-F9D901DC1923}.Release|Any CPU.ActiveCfg = Release|Any CPU
		{0BE8196D-9514-466A-9E5C-F9D901DC1923}.Release|Any CPU.Build.0 = Release|Any CPU
	EndGlobalSection
	GlobalSection(SolutionProperties) = preSolution
		HideSolutionNode = FALSE
	EndGlobalSection
	GlobalSection(ExtensibilityGlobals) = postSolution
		SolutionGuid = {81A9CB57-0EDF-46D1-AB3F-4AEE14B617FF}
	EndGlobalSection
EndGlobal
